
Microsoft Visual Studio Solution File, Format Version 12.00
# Visual Studio Version 17
VisualStudioVersion = 17.8.34316.72
MinimumVisualStudioVersion = 10.0.40219.1
Project("{FAE04EC0-301F-11D3-BF4B-00C04F79EFBC}") = "NutriLiveSystem", "NutriLiveSystem\NutriLiveSystem.csproj", "{8C193AE7-B7CF-4EB3-908F-6A7E5308C1DD}"
EndProject
Global
	GlobalSection(SolutionConfigurationPlatforms) = preSolution
		Debug|Any CPU = Debug|Any CPU
		Release|Any CPU = Release|Any CPU
	EndGlobalSection
	GlobalSection(ProjectConfigurationPlatforms) = postSolution
		{8C193AE7-B7CF-4EB3-908F-6A7E5308C1DD}.Debug|Any CPU.ActiveCfg = Debug|Any CPU
		{8C193AE7-B7CF-4EB3-908F-6A7E5308C1DD}.Debug|Any CPU.Build.0 = Debug|Any CPU
		{8C193AE7-B7CF-4EB3-908F-6A7E5308C1DD}.Release|Any CPU.ActiveCfg = Release|Any CPU
		{8C193AE7-B7CF-4EB3-908F-6A7E5308C1DD}.Release|Any CPU.Build.0 = Release|Any CPU
	EndGlobalSection
	GlobalSection(SolutionProperties) = preSolution
		HideSolutionNode = FALSE
	EndGlobalSection
	GlobalSection(ExtensibilityGlobals) = postSolution
		SolutionGuid = {A5A18796-0F95-49B8-8727-5D451CAA57DE}
	EndGlobalSection
EndGlobal
